
Microsoft Visual Studio Solution File, Format Version 12.00
# Visual Studio Version 17
VisualStudioVersion = 17.6.33815.320
MinimumVisualStudioVersion = 10.0.40219.1
Project("{FAE04EC0-301F-11D3-BF4B-00C04F79EFBC}") = "System CMOS time", "System CMOS time\System CMOS time.csproj", "{97EF3AAB-3DE1-4BA2-8C8B-775C100ACCF3}"
EndProject
Global
	GlobalSection(SolutionConfigurationPlatforms) = preSolution
		Debug|Any CPU = Debug|Any CPU
		Release|Any CPU = Release|Any CPU
	EndGlobalSection
	GlobalSection(ProjectConfigurationPlatforms) = postSolution
		{97EF3AAB-3DE1-4BA2-8C8B-775C100ACCF3}.Debug|Any CPU.ActiveCfg = Debug|Any CPU
		{97EF3AAB-3DE1-4BA2-8C8B-775C100ACCF3}.Debug|Any CPU.Build.0 = Debug|Any CPU
		{97EF3AAB-3DE1-4BA2-8C8B-775C100ACCF3}.Release|Any CPU.ActiveCfg = Release|Any CPU
		{97EF3AAB-3DE1-4BA2-8C8B-775C100ACCF3}.Release|Any CPU.Build.0 = Release|Any CPU
	EndGlobalSection
	GlobalSection(SolutionProperties) = preSolution
		HideSolutionNode = FALSE
	EndGlobalSection
	GlobalSection(ExtensibilityGlobals) = postSolution
		SolutionGuid = {A39D5B24-73AB-430C-9A70-1DB949C125B7}
	EndGlobalSection
EndGlobal
